
Microsoft Visual Studio Solution File, Format Version 12.00
# Visual Studio Version 17
VisualStudioVersion = 17.9.34728.123
MinimumVisualStudioVersion = 10.0.40219.1
Project("{FAE04EC0-301F-11D3-BF4B-00C04F79EFBC}") = "InventoryManagement", "InventoryManagement\InventoryManagement.csproj", "{A6D0BC72-8882-47F8-9F9E-37CACF5689C7}"
EndProject
Global
	GlobalSection(SolutionConfigurationPlatforms) = preSolution
		Debug|Any CPU = Debug|Any CPU
		Release|Any CPU = Release|Any CPU
	EndGlobalSection
	GlobalSection(ProjectConfigurationPlatforms) = postSolution
		{A6D0BC72-8882-47F8-9F9E-37CACF5689C7}.Debug|Any CPU.ActiveCfg = Debug|Any CPU
		{A6D0BC72-8882-47F8-9F9E-37CACF5689C7}.Debug|Any CPU.Build.0 = Debug|Any CPU
		{A6D0BC72-8882-47F8-9F9E-37CACF5689C7}.Release|Any CPU.ActiveCfg = Release|Any CPU
		{A6D0BC72-8882-47F8-9F9E-37CACF5689C7}.Release|Any CPU.Build.0 = Release|Any CPU
	EndGlobalSection
	GlobalSection(SolutionProperties) = preSolution
		HideSolutionNode = FALSE
	EndGlobalSection
	GlobalSection(ExtensibilityGlobals) = postSolution
		SolutionGuid = {96C428D3-BF11-4805-8B7E-3F0AF3B42BC6}
	EndGlobalSection
EndGlobal
